// !$*UTF8*$!
{
	archiveVersion = 1;
	classes = {
	};
	objectVersion = 46;
	objects = {

/* Begin PBXBuildFile section */
		3C3FF68D1A0FF871008832EC /* main.m in Sources */ = {isa = PBXBuildFile; fileRef = 3C3FF68C1A0FF871008832EC /* main.m */; };
		3C3FF6901A0FF871008832EC /* AppDelegate.m in Sources */ = {isa = PBXBuildFile; fileRef = 3C3FF68F1A0FF871008832EC /* AppDelegate.m */; };
		3C3FF6931A0FF871008832EC /* ViewController.m in Sources */ = {isa = PBXBuildFile; fileRef = 3C3FF6921A0FF871008832EC /* ViewController.m */; };
		3C3FF6961A0FF871008832EC /* Main.storyboard in Resources */ = {isa = PBXBuildFile; fileRef = 3C3FF6941A0FF871008832EC /* Main.storyboard */; };
		3C3FF6981A0FF871008832EC /* Images.xcassets in Resources */ = {isa = PBXBuildFile; fileRef = 3C3FF6971A0FF871008832EC /* Images.xcassets */; };
		3C3FF69B1A0FF871008832EC /* LaunchScreen.xib in Resources */ = {isa = PBXBuildFile; fileRef = 3C3FF6991A0FF871008832EC /* LaunchScreen.xib */; };
		3C3FF6A71A0FF871008832EC /* test2Tests.m in Sources */ = {isa = PBXBuildFile; fileRef = 3C3FF6A61A0FF871008832EC /* test2Tests.m */; };
/* End PBXBuildFile section */

/* Begin PBXContainerItemProxy section */
		3C3FF6A11A0FF871008832EC /* PBXContainerItemProxy */ = {
			isa = PBXContainerItemProxy;
			containerPortal = 3C3FF67F1A0FF871008832EC /* Project object */;
			proxyType = 1;
			remoteGlobalIDString = 3C3FF6861A0FF871008832EC;
			remoteInfo = test2;
		};
/* End PBXContainerItemProxy section */

/* Begin PBXFileReference section */
		3C3FF6871A0FF871008832EC /* test2.app */ = {isa = PBXFileReference; explicitFileType = wrapper.application; includeInIndex = 0; path = test2.app; sourceTree = BUILT_PRODUCTS_DIR; };
		3C3FF68B1A0FF871008832EC /* Info.plist */ = {isa = PBXFileReference; lastKnownFileType = text.plist.xml; path = Info.plist; sourceTree = "<group>"; };
		3C3FF68C1A0FF871008832EC /* main.m */ = {isa = PBXFileReference; lastKnownFileType = sourcecode.c.objc; path = main.m; sourceTree = "<group>"; };
		3C3FF68E1A0FF871008832EC /* AppDelegate.h */ = {isa = PBXFileReference; lastKnownFileType = sourcecode.c.h; path = AppDelegate.h; sourceTree = "<group>"; };
		3C3FF68F1A0FF871008832EC /* AppDelegate.m */ = {isa = PBXFileReference; lastKnownFileType = sourcecode.c.objc; path = AppDelegate.m; sourceTree = "<group>"; };
		3C3FF6911A0FF871008832EC /* ViewController.h */ = {isa = PBXFileReference; lastKnownFileType = sourcecode.c.h; path = ViewController.h; sourceTree = "<group>"; };
		3C3FF6921A0FF871008832EC /* ViewController.m */ = {isa = PBXFileReference; lastKnownFileType = sourcecode.c.objc; path = ViewController.m; sourceTree = "<group>"; };
		3C3FF6951A0FF871008832EC /* Base */ = {isa = PBXFileReference; lastKnownFileType = file.storyboard; name = Base; path = Base.lproj/Main.storyboard; sourceTree = "<group>"; };
		3C3FF6971A0FF871008832EC /* Images.xcassets */ = {isa = PBXFileReference; lastKnownFileType = folder.assetcatalog; path = Images.xcassets; sourceTree = "<group>"; };
		3C3FF69A1A0FF871008832EC /* Base */ = {isa = PBXFileReference; lastKnownFileType = file.xib; name = Base; path = Base.lproj/LaunchScreen.xib; sourceTree = "<group>"; };
		3C3FF6A01A0FF871008832EC /* test2Tests.xctest */ = {isa = PBXFileReference; explicitFileType = wrapper.cfbundle; includeInIndex = 0; path = test2Tests.xctest; sourceTree = BUILT_PRODUCTS_DIR; };
		3C3FF6A51A0FF871008832EC /* Info.plist */ = {isa = PBXFileReference; lastKnownFileType = text.plist.xml; path = Info.plist; sourceTree = "<group>"; };
		3C3FF6A61A0FF871008832EC /* test2Tests.m */ = {isa = PBXFileReference; lastKnownFileType = sourcecode.c.objc; path = test2Tests.m; sourceTree = "<group>"; };
/* End PBXFileReference section */

/* Begin PBXFrameworksBuildPhase section */
		3C3FF6841A0FF871008832EC /* Frameworks */ = {
			isa = PBXFrameworksBuildPhase;
			buildActionMask = 2147483647;
			files = (
			);
			runOnlyForDeploymentPostprocessing = 0;
		};
		3C3FF69D1A0FF871008832EC /* Frameworks */ = {
			isa = PBXFrameworksBuildPhase;
			buildActionMask = 2147483647;
			files = (
			);
			runOnlyForDeploymentPostprocessing = 0;
		};
/* End PBXFrameworksBuildPhase section */

/* Begin PBXGroup section */
		3C3FF67E1A0FF871008832EC = {
			isa = PBXGroup;
			children = (
				3C3FF6891A0FF871008832EC /* test2 */,
				3C3FF6A31A0FF871008832EC /* test2Tests */,
				3C3FF6881A0FF871008832EC /* Products */,
			);
			sourceTree = "<group>";
		};
		3C3FF6881A0FF871008832EC /* Products */ = {
			isa = PBXGroup;
			children = (
				3C3FF6871A0FF871008832EC /* test2.app */,
				3C3FF6A01A0FF871008832EC /* test2Tests.xctest */,
			);
			name = Products;
			sourceTree = "<group>";
		};
		3C3FF6891A0FF871008832EC /* test2 */ = {
			isa = PBXGroup;
			children = (
				3C3FF68E1A0FF871008832EC /* AppDelegate.h */,
				3C3FF68F1A0FF871008832EC /* AppDelegate.m */,
				3C3FF6911A0FF871008832EC /* ViewController.h */,
				3C3FF6921A0FF871008832EC /* ViewController.m */,
				3C3FF6941A0FF871008832EC /* Main.storyboard */,
				3C3FF6971A0FF871008832EC /* Images.xcassets */,
				3C3FF6991A0FF871008832EC /* LaunchScreen.xib */,
				3C3FF68A1A0FF871008832EC /* Supporting Files */,
			);
			path = test2;
			sourceTree = "<group>";
		};
		3C3FF68A1A0FF871008832EC /* Supporting Files */ = {
			isa = PBXGroup;
			children = (
				3C3FF68B1A0FF871008832EC /* Info.plist */,
				3C3FF68C1A0FF871008832EC /* main.m */,
			);
			name = "Supporting Files";
			sourceTree = "<group>";
		};
		3C3FF6A31A0FF871008832EC /* test2Tests */ = {
			isa = PBXGroup;
			children = (
				3C3FF6A61A0FF871008832EC /* test2Tests.m */,
				3C3FF6A41A0FF871008832EC /* Supporting Files */,
			);
			path = test2Tests;
			sourceTree = "<group>";
		};
		3C3FF6A41A0FF871008832EC /* Supporting Files */ = {
			isa = PBXGroup;
			children = (
				3C3FF6A51A0FF871008832EC /* Info.plist */,
			);
			name = "Supporting Files";
			sourceTree = "<group>";
		};
/* End PBXGroup section */

/* Begin PBXNativeTarget section */
		3C3FF6861A0FF871008832EC /* test2 */ = {
			isa = PBXNativeTarget;
			buildConfigurationList = 3C3FF6AA1A0FF871008832EC /* Build configuration list for PBXNativeTarget "test2" */;
			buildPhases = (
				3C3FF6831A0FF871008832EC /* Sources */,
				3C3FF6841A0FF871008832EC /* Frameworks */,
				3C3FF6851A0FF871008832EC /* Resources */,
			);
			buildRules = (
			);
			dependencies = (
			);
			name = test2;
			productName = test2;
			productReference = 3C3FF6871A0FF871008832EC /* test2.app */;
			productType = "com.apple.product-type.application";
		};
		3C3FF69F1A0FF871008832EC /* test2Tests */ = {
			isa = PBXNativeTarget;
			buildConfigurationList = 3C3FF6AD1A0FF871008832EC /* Build configuration list for PBXNativeTarget "test2Tests" */;
			buildPhases = (
				3C3FF69C1A0FF871008832EC /* Sources */,
				3C3FF69D1A0FF871008832EC /* Frameworks */,
				3C3FF69E1A0FF871008832EC /* Resources */,
			);
			buildRules = (
			);
			dependencies = (
				3C3FF6A21A0FF871008832EC /* PBXTargetDependency */,
			);
			name = test2Tests;
			productName = test2Tests;
			productReference = 3C3FF6A01A0FF871008832EC /* test2Tests.xctest */;
			productType = "com.apple.product-type.bundle.unit-test";
		};
/* End PBXNativeTarget section */

/* Begin PBXProject section */
		3C3FF67F1A0FF871008832EC /* Project object */ = {
			isa = PBXProject;
			attributes = {
				LastUpgradeCheck = 0610;
				ORGANIZATIONNAME = "Jeffry Wahyudi";
				TargetAttributes = {
					3C3FF6861A0FF871008832EC = {
						CreatedOnToolsVersion = 6.1;
					};
					3C3FF69F1A0FF871008832EC = {
						CreatedOnToolsVersion = 6.1;
						TestTargetID = 3C3FF6861A0FF871008832EC;
					};
				};
			};
			buildConfigurationList = 3C3FF6821A0FF871008832EC /* Build configuration list for PBXProject "test2" */;
			compatibilityVersion = "Xcode 3.2";
			developmentRegion = English;
			hasScannedForEncodings = 0;
			knownRegions = (
				en,
				Base,
			);
			mainGroup = 3C3FF67E1A0FF871008832EC;
			productRefGroup = 3C3FF6881A0FF871008832EC /* Products */;
			projectDirPath = "";
			projectRoot = "";
			targets = (
				3C3FF6861A0FF871008832EC /* test2 */,
				3C3FF69F1A0FF871008832EC /* test2Tests */,
			);
		};
/* End PBXProject section */

/* Begin PBXResourcesBuildPhase section */
		3C3FF6851A0FF871008832EC /* Resources */ = {
			isa = PBXResourcesBuildPhase;
			buildActionMask = 2147483647;
			files = (
				3C3FF6961A0FF871008832EC /* Main.storyboard in Resources */,
				3C3FF69B1A0FF871008832EC /* LaunchScreen.xib in Resources */,
				3C3FF6981A0FF871008832EC /* Images.xcassets in Resources */,
			);
			runOnlyForDeploymentPostprocessing = 0;
		};
		3C3FF69E1A0FF871008832EC /* Resources */ = {
			isa = PBXResourcesBuildPhase;
			buildActionMask = 2147483647;
			files = (
			);
			runOnlyForDeploymentPostprocessing = 0;
		};
/* End PBXResourcesBuildPhase section */

/* Begin PBXSourcesBuildPhase section */
		3C3FF6831A0FF871008832EC /* Sources */ = {
			isa = PBXSourcesBuildPhase;
			buildActionMask = 2147483647;
			files = (
				3C3FF6931A0FF871008832EC /* ViewController.m in Sources */,
				3C3FF6901A0FF871008832EC /* AppDelegate.m in Sources */,
				3C3FF68D1A0FF871008832EC /* main.m in Sources */,
			);
			runOnlyForDeploymentPostprocessing = 0;
		};
		3C3FF69C1A0FF871008832EC /* Sources */ = {
			isa = PBXSourcesBuildPhase;
			buildActionMask = 2147483647;
			files = (
				3C3FF6A71A0FF871008832EC /* test2Tests.m in Sources */,
			);
			runOnlyForDeploymentPostprocessing = 0;
		};
/* End PBXSourcesBuildPhase section */

/* Begin PBXTargetDependency section */
		3C3FF6A21A0FF871008832EC /* PBXTargetDependency */ = {
			isa = PBXTargetDependency;
			target = 3C3FF6861A0FF871008832EC /* test2 */;
			targetProxy = 3C3FF6A11A0FF871008832EC /* PBXContainerItemProxy */;
		};
/* End PBXTargetDependency section */

/* Begin PBXVariantGroup section */
		3C3FF6941A0FF871008832EC /* Main.storyboard */ = {
			isa = PBXVariantGroup;
			children = (
				3C3FF6951A0FF871008832EC /* Base */,
			);
			name = Main.storyboard;
			sourceTree = "<group>";
		};
		3C3FF6991A0FF871008832EC /* LaunchScreen.xib */ = {
			isa = PBXVariantGroup;
			children = (
				3C3FF69A1A0FF871008832EC /* Base */,
			);
			name = LaunchScreen.xib;
			sourceTree = "<group>";
		};
/* End PBXVariantGroup section */

/* Begin XCBuildConfiguration section */
		3C3FF6A81A0FF871008832EC /* Debug */ = {
			isa = XCBuildConfiguration;
			buildSettings = {
				ALWAYS_SEARCH_USER_PATHS = NO;
				CLANG_CXX_LANGUAGE_STANDARD = "gnu++0x";
				CLANG_CXX_LIBRARY = "libc++";
				CLANG_ENABLE_MODULES = YES;
				CLANG_ENABLE_OBJC_ARC = YES;
				CLANG_WARN_BOOL_CONVERSION = YES;
				CLANG_WARN_CONSTANT_CONVERSION = YES;
				CLANG_WARN_DIRECT_OBJC_ISA_USAGE = YES_ERROR;
				CLANG_WARN_EMPTY_BODY = YES;
				CLANG_WARN_ENUM_CONVERSION = YES;
				CLANG_WARN_INT_CONVERSION = YES;
				CLANG_WARN_OBJC_ROOT_CLASS = YES_ERROR;
				CLANG_WARN_UNREACHABLE_CODE = YES;
				CLANG_WARN__DUPLICATE_METHOD_MATCH = YES;
				"CODE_SIGN_IDENTITY[sdk=iphoneos*]" = "iPhone Developer";
				COPY_PHASE_STRIP = NO;
				ENABLE_STRICT_OBJC_MSGSEND = YES;
				GCC_C_LANGUAGE_STANDARD = gnu99;
				GCC_DYNAMIC_NO_PIC = NO;
				GCC_OPTIMIZATION_LEVEL = 0;
				GCC_PREPROCESSOR_DEFINITIONS = (
					"DEBUG=1",
					"$(inherited)",
				);
				GCC_SYMBOLS_PRIVATE_EXTERN = NO;
				GCC_WARN_64_TO_32_BIT_CONVERSION = YES;
				GCC_WARN_ABOUT_RETURN_TYPE = YES_ERROR;
				GCC_WARN_UNDECLARED_SELECTOR = YES;
				GCC_WARN_UNINITIALIZED_AUTOS = YES_AGGRESSIVE;
				GCC_WARN_UNUSED_FUNCTION = YES;
				GCC_WARN_UNUSED_VARIABLE = YES;
				IPHONEOS_DEPLOYMENT_TARGET = 8.1;
				MTL_ENABLE_DEBUG_INFO = YES;
				ONLY_ACTIVE_ARCH = YES;
				SDKROOT = iphoneos;
				TARGETED_DEVICE_FAMILY = "1,2";
			};
			name = Debug;
		};
		3C3FF6A91A0FF871008832EC /* Release */ = {
			isa = XCBuildConfiguration;
			buildSettings = {
				ALWAYS_SEARCH_USER_PATHS = NO;
				CLANG_CXX_LANGUAGE_STANDARD = "gnu++0x";
				CLANG_CXX_LIBRARY = "libc++";
				CLANG_ENABLE_MODULES = YES;
				CLANG_ENABLE_OBJC_ARC = YES;
				CLANG_WARN_BOOL_CONVERSION = YES;
				CLANG_WARN_CONSTANT_CONVERSION = YES;
				CLANG_WARN_DIRECT_OBJC_ISA_USAGE = YES_ERROR;
				CLANG_WARN_EMPTY_BODY = YES;
				CLANG_WARN_ENUM_CONVERSION = YES;
				CLANG_WARN_INT_CONVERSION = YES;
				CLANG_WARN_OBJC_ROOT_CLASS = YES_ERROR;
				CLANG_WARN_UNREACHABLE_CODE = YES;
				CLANG_WARN__DUPLICATE_METHOD_MATCH = YES;
				"CODE_SIGN_IDENTITY[sdk=iphoneos*]" = "iPhone Developer";
				COPY_PHASE_STRIP = YES;
				ENABLE_NS_ASSERTIONS = NO;
				ENABLE_STRICT_OBJC_MSGSEND = YES;
				GCC_C_LANGUAGE_STANDARD = gnu99;
				GCC_WARN_64_TO_32_BIT_CONVERSION = YES;
				GCC_WARN_ABOUT_RETURN_TYPE = YES_ERROR;
				GCC_WARN_UNDECLARED_SELECTOR = YES;
				GCC_WARN_UNINITIALIZED_AUTOS = YES_AGGRESSIVE;
				GCC_WARN_UNUSED_FUNCTION = YES;
				GCC_WARN_UNUSED_VARIABLE = YES;
				IPHONEOS_DEPLOYMENT_TARGET = 8.1;
				MTL_ENABLE_DEBUG_INFO = NO;
				SDKROOT = iphoneos;
				TARGETED_DEVICE_FAMILY = "1,2";
				VALIDATE_PRODUCT = YES;
			};
			name = Release;
		};
		3C3FF6AB1A0FF871008832EC /* Debug */ = {
			isa = XCBuildConfiguration;
			buildSettings = {
				ASSETCATALOG_COMPILER_APPICON_NAME = AppIcon;
				INFOPLIST_FILE = test2/Info.plist;
				LD_RUNPATH_SEARCH_PATHS = "$(inherited) @executable_path/Frameworks";
				PRODUCT_NAME = "$(TARGET_NAME)";
			};
			name = Debug;
		};
		3C3FF6AC1A0FF871008832EC /* Release */ = {
			isa = XCBuildConfiguration;
			buildSettings = {
				ASSETCATALOG_COMPILER_APPICON_NAME = AppIcon;
				INFOPLIST_FILE = test2/Info.plist;
				LD_RUNPATH_SEARCH_PATHS = "$(inherited) @executable_path/Frameworks";
				PRODUCT_NAME = "$(TARGET_NAME)";
			};
			name = Release;
		};
		3C3FF6AE1A0FF871008832EC /* Debug */ = {
			isa = XCBuildConfiguration;
			buildSettings = {
				BUNDLE_LOADER = "$(TEST_HOST)";
				FRAMEWORK_SEARCH_PATHS = (
					"$(SDKROOT)/Developer/Library/Frameworks",
					"$(inherited)",
				);
				GCC_PREPROCESSOR_DEFINITIONS = (
					"DEBUG=1",
					"$(inherited)",
				);
				INFOPLIST_FILE = test2Tests/Info.plist;
				LD_RUNPATH_SEARCH_PATHS = "$(inherited) @executable_path/Frameworks @loader_path/Frameworks";
				PRODUCT_NAME = "$(TARGET_NAME)";
				TEST_HOST = "$(BUILT_PRODUCTS_DIR)/test2.app/test2";
			};
			name = Debug;
		};
		3C3FF6AF1A0FF871008832EC /* Release */ = {
			isa = XCBuildConfiguration;
			buildSettings = {
				BUNDLE_LOADER = "$(TEST_HOST)";
				FRAMEWORK_SEARCH_PATHS = (
					"$(SDKROOT)/Developer/Library/Frameworks",
					"$(inherited)",
				);
				INFOPLIST_FILE = test2Tests/Info.plist;
				LD_RUNPATH_SEARCH_PATHS = "$(inherited) @executable_path/Frameworks @loader_path/Frameworks";
				PRODUCT_NAME = "$(TARGET_NAME)";
				TEST_HOST = "$(BUILT_PRODUCTS_DIR)/test2.app/test2";
			};
			name = Release;
		};
/* End XCBuildConfiguration section */

/* Begin XCConfigurationList section */
		3C3FF6821A0FF871008832EC /* Build configuration list for PBXProject "test2" */ = {
			isa = XCConfigurationList;
			buildConfigurations = (
				3C3FF6A81A0FF871008832EC /* Debug */,
				3C3FF6A91A0FF871008832EC /* Release */,
			);
			defaultConfigurationIsVisible = 0;
			defaultConfigurationName = Release;
		};
		3C3FF6AA1A0FF871008832EC /* Build configuration list for PBXNativeTarget "test2" */ = {
			isa = XCConfigurationList;
			buildConfigurations = (
				3C3FF6AB1A0FF871008832EC /* Debug */,
				3C3FF6AC1A0FF871008832EC /* Release */,
			);
			defaultConfigurationIsVisible = 0;
		};
		3C3FF6AD1A0FF871008832EC /* Build configuration list for PBXNativeTarget "test2Tests" */ = {
			isa = XCConfigurationList;
			buildConfigurations = (
				3C3FF6AE1A0FF871008832EC /* Debug */,
				3C3FF6AF1A0FF871008832EC /* Release */,
			);
			defaultConfigurationIsVisible = 0;
		};
/* End XCConfigurationList section */
	};
	rootObject = 3C3FF67F1A0FF871008832EC /* Project object */;
}
